
Microsoft Visual Studio Solution File, Format Version 12.00
# Visual Studio 15
VisualStudioVersion = 15.0.28010.2026
MinimumVisualStudioVersion = 10.0.40219.1
Project("{FAE04EC0-301F-11D3-BF4B-00C04F79EFBC}") = "cHprogramming_cH_Project1", "cHprogramming_cH_Project1\cHprogramming_cH_Project1.csproj", "{A9AD5D5A-A4F4-45BC-9D75-F5B75C8FADD5}"
EndProject
Global
	GlobalSection(SolutionConfigurationPlatforms) = preSolution
		Debug|Any CPU = Debug|Any CPU
		Release|Any CPU = Release|Any CPU
	EndGlobalSection
	GlobalSection(ProjectConfigurationPlatforms) = postSolution
		{A9AD5D5A-A4F4-45BC-9D75-F5B75C8FADD5}.Debug|Any CPU.ActiveCfg = Debug|Any CPU
		{A9AD5D5A-A4F4-45BC-9D75-F5B75C8FADD5}.Debug|Any CPU.Build.0 = Debug|Any CPU
		{A9AD5D5A-A4F4-45BC-9D75-F5B75C8FADD5}.Release|Any CPU.ActiveCfg = Release|Any CPU
		{A9AD5D5A-A4F4-45BC-9D75-F5B75C8FADD5}.Release|Any CPU.Build.0 = Release|Any CPU
	EndGlobalSection
	GlobalSection(SolutionProperties) = preSolution
		HideSolutionNode = FALSE
	EndGlobalSection
	GlobalSection(ExtensibilityGlobals) = postSolution
		SolutionGuid = {02BA3BD6-2091-41BD-B9E6-330CAC2CEE08}
	EndGlobalSection
EndGlobal
